{
  "name": "yxj-applet",
  "version": "1.0.0",
  "lockfileVersion": 1,
  "requires": true,
  "dependencies": {
    "@vant/weapp": {
      "version": "1.8.2",
      "resolved": "https://registry.nlark.com/@vant/weapp/download/@vant/weapp-1.8.2.tgz",
      "integrity": "sha1-4UqXTkYr0x+UlB07Y4WPmzoYXrE="
    }
  }
}
